
Microsoft Visual Studio Solution File, Format Version 12.00
# Visual Studio Version 16
VisualStudioVersion = 16.0.30002.166
MinimumVisualStudioVersion = 10.0.40219.1
Project("{FAE04EC0-301F-11D3-BF4B-00C04F79EFBC}") = "CreaturesSpeedMod", "CreaturesSpeedMod\CreaturesSpeedMod.csproj", "{8213FB02-4BC1-4379-A27D-64FFB85F84E0}"
EndProject
Global
	GlobalSection(SolutionConfigurationPlatforms) = preSolution
		DebugBZ|Any CPU = DebugBZ|Any CPU
		DebugSN|Any CPU = DebugSN|Any CPU
		ReleaseBZ|Any CPU = ReleaseBZ|Any CPU
		ReleaseSN|Any CPU = ReleaseSN|Any CPU
	EndGlobalSection
	GlobalSection(ProjectConfigurationPlatforms) = postSolution
		{8213FB02-4BC1-4379-A27D-64FFB85F84E0}.DebugBZ|Any CPU.ActiveCfg = DebugBZ|Any CPU
		{8213FB02-4BC1-4379-A27D-64FFB85F84E0}.DebugBZ|Any CPU.Build.0 = DebugBZ|Any CPU
		{8213FB02-4BC1-4379-A27D-64FFB85F84E0}.DebugSN|Any CPU.ActiveCfg = DebugSN|Any CPU
		{8213FB02-4BC1-4379-A27D-64FFB85F84E0}.DebugSN|Any CPU.Build.0 = DebugSN|Any CPU
		{8213FB02-4BC1-4379-A27D-64FFB85F84E0}.ReleaseBZ|Any CPU.ActiveCfg = ReleaseBZ|Any CPU
		{8213FB02-4BC1-4379-A27D-64FFB85F84E0}.ReleaseBZ|Any CPU.Build.0 = ReleaseBZ|Any CPU
		{8213FB02-4BC1-4379-A27D-64FFB85F84E0}.ReleaseSN|Any CPU.ActiveCfg = ReleaseSN|Any CPU
		{8213FB02-4BC1-4379-A27D-64FFB85F84E0}.ReleaseSN|Any CPU.Build.0 = ReleaseSN|Any CPU
	EndGlobalSection
	GlobalSection(SolutionProperties) = preSolution
		HideSolutionNode = FALSE
	EndGlobalSection
	GlobalSection(ExtensibilityGlobals) = postSolution
		SolutionGuid = {3DD08C42-CEC0-4FDF-8872-416566EB5AB7}
	EndGlobalSection
EndGlobal
